
Microsoft Visual Studio Solution File, Format Version 12.00
# Visual Studio Version 17
VisualStudioVersion = 17.7.34202.233
MinimumVisualStudioVersion = 10.0.40219.1
Project("{FAE04EC0-301F-11D3-BF4B-00C04F79EFBC}") = "PLANET_Proj_1", "PLANET_Proj_1.csproj", "{F6F1D80B-6590-4F6B-8A99-77E813029D90}"
EndProject
Global
	GlobalSection(SolutionConfigurationPlatforms) = preSolution
		Debug|Any CPU = Debug|Any CPU
		Release|Any CPU = Release|Any CPU
	EndGlobalSection
	GlobalSection(ProjectConfigurationPlatforms) = postSolution
		{F6F1D80B-6590-4F6B-8A99-77E813029D90}.Debug|Any CPU.ActiveCfg = Debug|Any CPU
		{F6F1D80B-6590-4F6B-8A99-77E813029D90}.Debug|Any CPU.Build.0 = Debug|Any CPU
		{F6F1D80B-6590-4F6B-8A99-77E813029D90}.Release|Any CPU.ActiveCfg = Release|Any CPU
		{F6F1D80B-6590-4F6B-8A99-77E813029D90}.Release|Any CPU.Build.0 = Release|Any CPU
	EndGlobalSection
	GlobalSection(SolutionProperties) = preSolution
		HideSolutionNode = FALSE
	EndGlobalSection
	GlobalSection(ExtensibilityGlobals) = postSolution
		SolutionGuid = {D8FDE5D6-F554-4E33-966C-45DA38102789}
	EndGlobalSection
EndGlobal
